
Microsoft Visual Studio Solution File, Format Version 12.00
# Visual Studio Version 17
VisualStudioVersion = 17.7.34202.233
MinimumVisualStudioVersion = 10.0.40219.1
Project("{9A19103F-16F7-4668-BE54-9A1E7A4F7556}") = "MedicalAppModels", "Entidades\MedicalAppModels.csproj", "{7FB3C955-E675-4AD8-87D8-F8893923DC40}"
EndProject
Project("{9A19103F-16F7-4668-BE54-9A1E7A4F7556}") = "MedicalAppLogic", "LogicaNegocio\MedicalAppLogic.csproj", "{07A715B3-6765-498B-B1D2-7E978214AE83}"
EndProject
Project("{9A19103F-16F7-4668-BE54-9A1E7A4F7556}") = "MedicalAppUI", "Presentacion\MedicalAppUI.csproj", "{6E3ACB4A-2458-49CE-B016-E5EE66A82359}"
EndProject
Global
	GlobalSection(SolutionConfigurationPlatforms) = preSolution
		Debug|Any CPU = Debug|Any CPU
		Release|Any CPU = Release|Any CPU
	EndGlobalSection
	GlobalSection(ProjectConfigurationPlatforms) = postSolution
		{7FB3C955-E675-4AD8-87D8-F8893923DC40}.Debug|Any CPU.ActiveCfg = Debug|Any CPU
		{7FB3C955-E675-4AD8-87D8-F8893923DC40}.Debug|Any CPU.Build.0 = Debug|Any CPU
		{7FB3C955-E675-4AD8-87D8-F8893923DC40}.Release|Any CPU.ActiveCfg = Release|Any CPU
		{7FB3C955-E675-4AD8-87D8-F8893923DC40}.Release|Any CPU.Build.0 = Release|Any CPU
		{07A715B3-6765-498B-B1D2-7E978214AE83}.Debug|Any CPU.ActiveCfg = Debug|Any CPU
		{07A715B3-6765-498B-B1D2-7E978214AE83}.Debug|Any CPU.Build.0 = Debug|Any CPU
		{07A715B3-6765-498B-B1D2-7E978214AE83}.Release|Any CPU.ActiveCfg = Release|Any CPU
		{07A715B3-6765-498B-B1D2-7E978214AE83}.Release|Any CPU.Build.0 = Release|Any CPU
		{6E3ACB4A-2458-49CE-B016-E5EE66A82359}.Debug|Any CPU.ActiveCfg = Debug|Any CPU
		{6E3ACB4A-2458-49CE-B016-E5EE66A82359}.Debug|Any CPU.Build.0 = Debug|Any CPU
		{6E3ACB4A-2458-49CE-B016-E5EE66A82359}.Release|Any CPU.ActiveCfg = Release|Any CPU
		{6E3ACB4A-2458-49CE-B016-E5EE66A82359}.Release|Any CPU.Build.0 = Release|Any CPU
	EndGlobalSection
	GlobalSection(SolutionProperties) = preSolution
		HideSolutionNode = FALSE
	EndGlobalSection
	GlobalSection(ExtensibilityGlobals) = postSolution
		SolutionGuid = {482FD97F-5A51-4F8C-8197-F8D5AD6D1FC7}
	EndGlobalSection
EndGlobal
